
Microsoft Visual Studio Solution File, Format Version 12.00
Project("{FAE04EC0-301F-11D3-BF4B-00C04F79EFBC}") = "Fp64", "Fp64\Fp64.csproj", "{E5252AFB-ADC7-4805-91F1-5CD5ECFEFEF3}"
EndProject
Project("{FAE04EC0-301F-11D3-BF4B-00C04F79EFBC}") = "Main", "Main\Main.csproj", "{0E82B58D-95BE-4F40-B630-418683A4E963}"
EndProject
Global
	GlobalSection(SolutionConfigurationPlatforms) = preSolution
		Debug|Any CPU = Debug|Any CPU
		Release|Any CPU = Release|Any CPU
	EndGlobalSection
	GlobalSection(ProjectConfigurationPlatforms) = postSolution
		{E5252AFB-ADC7-4805-91F1-5CD5ECFEFEF3}.Debug|Any CPU.ActiveCfg = Debug|Any CPU
		{E5252AFB-ADC7-4805-91F1-5CD5ECFEFEF3}.Debug|Any CPU.Build.0 = Debug|Any CPU
		{E5252AFB-ADC7-4805-91F1-5CD5ECFEFEF3}.Release|Any CPU.ActiveCfg = Release|Any CPU
		{E5252AFB-ADC7-4805-91F1-5CD5ECFEFEF3}.Release|Any CPU.Build.0 = Release|Any CPU
		{0E82B58D-95BE-4F40-B630-418683A4E963}.Debug|Any CPU.ActiveCfg = Debug|Any CPU
		{0E82B58D-95BE-4F40-B630-418683A4E963}.Debug|Any CPU.Build.0 = Debug|Any CPU
		{0E82B58D-95BE-4F40-B630-418683A4E963}.Release|Any CPU.ActiveCfg = Release|Any CPU
		{0E82B58D-95BE-4F40-B630-418683A4E963}.Release|Any CPU.Build.0 = Release|Any CPU
	EndGlobalSection
EndGlobal
